
Microsoft Visual Studio Solution File, Format Version 12.00
# Visual Studio Version 17
VisualStudioVersion = 17.2.32630.192
MinimumVisualStudioVersion = 10.0.40219.1
Project("{9A19103F-16F7-4668-BE54-9A1E7A4F7556}") = "Manga_Notifier", "MangaNotifier\Manga_Notifier.csproj", "{8506EB81-1994-4A0F-B159-E74CE2ED40F6}"
EndProject
Project("{FAE04EC0-301F-11D3-BF4B-00C04F79EFBC}") = "Unit_Tests", "Unit_Tests\Unit_Tests.csproj", "{32D5A63A-616E-462F-8DC5-7A86CBAEB974}"
EndProject
Global
	GlobalSection(SolutionConfigurationPlatforms) = preSolution
		Debug|Any CPU = Debug|Any CPU
		Release|Any CPU = Release|Any CPU
	EndGlobalSection
	GlobalSection(ProjectConfigurationPlatforms) = postSolution
		{8506EB81-1994-4A0F-B159-E74CE2ED40F6}.Debug|Any CPU.ActiveCfg = Debug|Any CPU
		{8506EB81-1994-4A0F-B159-E74CE2ED40F6}.Debug|Any CPU.Build.0 = Debug|Any CPU
		{8506EB81-1994-4A0F-B159-E74CE2ED40F6}.Release|Any CPU.ActiveCfg = Release|Any CPU
		{8506EB81-1994-4A0F-B159-E74CE2ED40F6}.Release|Any CPU.Build.0 = Release|Any CPU
		{32D5A63A-616E-462F-8DC5-7A86CBAEB974}.Debug|Any CPU.ActiveCfg = Debug|Any CPU
		{32D5A63A-616E-462F-8DC5-7A86CBAEB974}.Debug|Any CPU.Build.0 = Debug|Any CPU
		{32D5A63A-616E-462F-8DC5-7A86CBAEB974}.Release|Any CPU.ActiveCfg = Release|Any CPU
		{32D5A63A-616E-462F-8DC5-7A86CBAEB974}.Release|Any CPU.Build.0 = Release|Any CPU
	EndGlobalSection
	GlobalSection(SolutionProperties) = preSolution
		HideSolutionNode = FALSE
	EndGlobalSection
	GlobalSection(ExtensibilityGlobals) = postSolution
		SolutionGuid = {FFA14E52-BEFD-45E0-9D7C-50B7FA313009}
	EndGlobalSection
EndGlobal
